
Microsoft Visual Studio Solution File, Format Version 12.00
# Visual Studio Version 16
VisualStudioVersion = 16.0.30611.23
MinimumVisualStudioVersion = 10.0.40219.1
Project("{FAE04EC0-301F-11D3-BF4B-00C04F79EFBC}") = "Image", "画像振り分け君\Image.csproj", "{BD562A89-5D1D-448D-954F-0252DAA0EFE6}"
EndProject
Global
	GlobalSection(SolutionConfigurationPlatforms) = preSolution
		Debug|Any CPU = Debug|Any CPU
		Release|Any CPU = Release|Any CPU
	EndGlobalSection
	GlobalSection(ProjectConfigurationPlatforms) = postSolution
		{BD562A89-5D1D-448D-954F-0252DAA0EFE6}.Debug|Any CPU.ActiveCfg = Debug|Any CPU
		{BD562A89-5D1D-448D-954F-0252DAA0EFE6}.Debug|Any CPU.Build.0 = Debug|Any CPU
		{BD562A89-5D1D-448D-954F-0252DAA0EFE6}.Release|Any CPU.ActiveCfg = Release|Any CPU
		{BD562A89-5D1D-448D-954F-0252DAA0EFE6}.Release|Any CPU.Build.0 = Release|Any CPU
	EndGlobalSection
	GlobalSection(SolutionProperties) = preSolution
		HideSolutionNode = FALSE
	EndGlobalSection
	GlobalSection(ExtensibilityGlobals) = postSolution
		SolutionGuid = {A274BD96-FAD2-49B5-AA9C-80E30A721009}
	EndGlobalSection
EndGlobal
